
Microsoft Visual Studio Solution File, Format Version 12.00
# Visual Studio Version 17
VisualStudioVersion = 17.6.33815.320
MinimumVisualStudioVersion = 10.0.40219.1
Project("{FAE04EC0-301F-11D3-BF4B-00C04F79EFBC}") = "WpfTrenagorKeys", "WpfTrenagorKeys.csproj", "{4A893A2B-EBC8-4648-8532-BEA9D9043305}"
EndProject
Global
	GlobalSection(SolutionConfigurationPlatforms) = preSolution
		Debug|Any CPU = Debug|Any CPU
		Release|Any CPU = Release|Any CPU
	EndGlobalSection
	GlobalSection(ProjectConfigurationPlatforms) = postSolution
		{4A893A2B-EBC8-4648-8532-BEA9D9043305}.Debug|Any CPU.ActiveCfg = Debug|Any CPU
		{4A893A2B-EBC8-4648-8532-BEA9D9043305}.Debug|Any CPU.Build.0 = Debug|Any CPU
		{4A893A2B-EBC8-4648-8532-BEA9D9043305}.Release|Any CPU.ActiveCfg = Release|Any CPU
		{4A893A2B-EBC8-4648-8532-BEA9D9043305}.Release|Any CPU.Build.0 = Release|Any CPU
	EndGlobalSection
	GlobalSection(SolutionProperties) = preSolution
		HideSolutionNode = FALSE
	EndGlobalSection
	GlobalSection(ExtensibilityGlobals) = postSolution
		SolutionGuid = {A9BC5E17-95DC-4709-A17A-E50AD521AA5F}
	EndGlobalSection
EndGlobal
